
Microsoft Visual Studio Solution File, Format Version 12.00
# Visual Studio Version 17
VisualStudioVersion = 17.14.36414.22
MinimumVisualStudioVersion = 10.0.40219.1
Project("{E24C65DC-7377-472B-9ABA-BC803B73C61A}") = "cobrawebsite", "cobrawebsite", "{BEC4DAEF-65E6-438C-FCE7-A54A02D687F0}"
	ProjectSection(WebsiteProperties) = preProject
		UseIISExpress = "true"
		TargetFrameworkMoniker = ".NETFramework,Version%3Dv4.6"
		ProjectReferences = "{da2a6ea3-b909-4fc6-86b2-48d19b204185}|Cobra.Data.dll;"
		Debug.AspNetCompiler.VirtualPath = "/localhost_60634"
		Debug.AspNetCompiler.PhysicalPath = "cobrawebsite\"
		Debug.AspNetCompiler.TargetPath = "PrecompiledWeb\localhost_60634\"
		Debug.AspNetCompiler.Updateable = "true"
		Debug.AspNetCompiler.ForceOverwrite = "true"
		Debug.AspNetCompiler.FixedNames = "false"
		Debug.AspNetCompiler.Debug = "True"
		Release.AspNetCompiler.VirtualPath = "/localhost_60634"
		Release.AspNetCompiler.PhysicalPath = "cobrawebsite\"
		Release.AspNetCompiler.TargetPath = "PrecompiledWeb\localhost_60634\"
		Release.AspNetCompiler.Updateable = "true"
		Release.AspNetCompiler.ForceOverwrite = "true"
		Release.AspNetCompiler.FixedNames = "false"
		Release.AspNetCompiler.Debug = "False"
		VWDPort = "54979"
		SlnRelativePath = "cobrawebsite\"
	EndProjectSection
EndProject
Project("{FAE04EC0-301F-11D3-BF4B-00C04F79EFBC}") = "Cobra.Data", "Cobra.Data\Cobra.Data.csproj", "{DA2A6EA3-B909-4FC6-86B2-48D19B204185}"
EndProject
Global
	GlobalSection(SolutionConfigurationPlatforms) = preSolution
		Debug|Any CPU = Debug|Any CPU
		Release|Any CPU = Release|Any CPU
	EndGlobalSection
	GlobalSection(ProjectConfigurationPlatforms) = postSolution
		{BEC4DAEF-65E6-438C-FCE7-A54A02D687F0}.Debug|Any CPU.ActiveCfg = Debug|Any CPU
		{BEC4DAEF-65E6-438C-FCE7-A54A02D687F0}.Debug|Any CPU.Build.0 = Debug|Any CPU
		{BEC4DAEF-65E6-438C-FCE7-A54A02D687F0}.Release|Any CPU.ActiveCfg = Debug|Any CPU
		{BEC4DAEF-65E6-438C-FCE7-A54A02D687F0}.Release|Any CPU.Build.0 = Debug|Any CPU
		{DA2A6EA3-B909-4FC6-86B2-48D19B204185}.Debug|Any CPU.ActiveCfg = Debug|Any CPU
		{DA2A6EA3-B909-4FC6-86B2-48D19B204185}.Debug|Any CPU.Build.0 = Debug|Any CPU
		{DA2A6EA3-B909-4FC6-86B2-48D19B204185}.Release|Any CPU.ActiveCfg = Release|Any CPU
		{DA2A6EA3-B909-4FC6-86B2-48D19B204185}.Release|Any CPU.Build.0 = Release|Any CPU
	EndGlobalSection
	GlobalSection(SolutionProperties) = preSolution
		HideSolutionNode = FALSE
	EndGlobalSection
	GlobalSection(ExtensibilityGlobals) = postSolution
		SolutionGuid = {C41949B1-C2A8-4DAB-8217-C4B8E409D579}
	EndGlobalSection
EndGlobal
